// !$*UTF8*$!
{
	archiveVersion = 1;
	classes = {
	};
	objectVersion = 56;
	objects = {

/* Begin PBXBuildFile section */
		5432E4A52C4D5E5A0090504B /* PersistenceController.swift in Sources */ = {isa = PBXBuildFile; fileRef = 5432E4A42C4D5E590090504B /* PersistenceController.swift */; };
		5432E4A72C4D6C9B0090504B /* HomeView.swift in Sources */ = {isa = PBXBuildFile; fileRef = 5432E4A62C4D6C9B0090504B /* HomeView.swift */; };
		5432E4A92C4D6CA90090504B /* MoreView.swift in Sources */ = {isa = PBXBuildFile; fileRef = 5432E4A82C4D6CA90090504B /* MoreView.swift */; };
		544008522C4C5DC30062302B /* MedyApp.swift in Sources */ = {isa = PBXBuildFile; fileRef = 544008512C4C5DC30062302B /* MedyApp.swift */; };
		544008542C4C5DC30062302B /* ContentView.swift in Sources */ = {isa = PBXBuildFile; fileRef = 544008532C4C5DC30062302B /* ContentView.swift */; };
		544008632C4C5E900062302B /* MedicationListView.swift in Sources */ = {isa = PBXBuildFile; fileRef = 544008622C4C5E900062302B /* MedicationListView.swift */; };
		544008672C4C5ECB0062302B /* MedicationStore.swift in Sources */ = {isa = PBXBuildFile; fileRef = 544008662C4C5ECB0062302B /* MedicationStore.swift */; };
		544008702C4C66880062302B /* CoreDataStack.swift in Sources */ = {isa = PBXBuildFile; fileRef = 5440086F2C4C66880062302B /* CoreDataStack.swift */; };
		5446BDEA2C4FF85C0072254A /* SceneDelegate.swift in Sources */ = {isa = PBXBuildFile; fileRef = 5446BDE92C4FF85C0072254A /* SceneDelegate.swift */; };
		544BD2D02C5005B8004ACC03 /* SectionView.swift in Sources */ = {isa = PBXBuildFile; fileRef = 544BD2CF2C5005B8004ACC03 /* SectionView.swift */; };
		54629C5B2C5C14E50011FDC2 /* GetDrugInfoView.swift in Sources */ = {isa = PBXBuildFile; fileRef = 54629C5A2C5C14E50011FDC2 /* GetDrugInfoView.swift */; };
		54629C5D2C5C15130011FDC2 /* Config.plist in Resources */ = {isa = PBXBuildFile; fileRef = 54629C5C2C5C15130011FDC2 /* Config.plist */; };
		54629C5F2C5E5D9C0011FDC2 /* AddMedicationView.swift in Sources */ = {isa = PBXBuildFile; fileRef = 54629C5E2C5E5D9C0011FDC2 /* AddMedicationView.swift */; };
		54629C672C5E75A50011FDC2 /* AccountView.swift in Sources */ = {isa = PBXBuildFile; fileRef = 54629C662C5E75A50011FDC2 /* AccountView.swift */; };
		54629C692C5E75B80011FDC2 /* HelpSupportView.swift in Sources */ = {isa = PBXBuildFile; fileRef = 54629C682C5E75B80011FDC2 /* HelpSupportView.swift */; };
		54629C6B2C5E75C60011FDC2 /* SettingsView.swift in Sources */ = {isa = PBXBuildFile; fileRef = 54629C6A2C5E75C60011FDC2 /* SettingsView.swift */; };
		54629C6D2C5E7B270011FDC2 /* AddAppointmentView.swift in Sources */ = {isa = PBXBuildFile; fileRef = 54629C6C2C5E7B270011FDC2 /* AddAppointmentView.swift */; };
		54629C6F2C5E8A5E0011FDC2 /* AppointmentStore.swift in Sources */ = {isa = PBXBuildFile; fileRef = 54629C6E2C5E8A5E0011FDC2 /* AppointmentStore.swift */; };
		54629C712C5E98640011FDC2 /* AppointmentListView.swift in Sources */ = {isa = PBXBuildFile; fileRef = 54629C702C5E98640011FDC2 /* AppointmentListView.swift */; };
		54629C732C5E99030011FDC2 /* DateFormatterExtensions.swift in Sources */ = {isa = PBXBuildFile; fileRef = 54629C722C5E99030011FDC2 /* DateFormatterExtensions.swift */; };
		5499B02A2C5ACB3300AED6DA /* ThemeManager.swift in Sources */ = {isa = PBXBuildFile; fileRef = 5499B0292C5ACB3300AED6DA /* ThemeManager.swift */; };
		54C228432C4EE5C400E56592 /* Medy.xcdatamodeld in Sources */ = {isa = PBXBuildFile; fileRef = 54C228412C4EE5C400E56592 /* Medy.xcdatamodeld */; };
/* End PBXBuildFile section */

/* Begin PBXFileReference section */
		5432E4A42C4D5E590090504B /* PersistenceController.swift */ = {isa = PBXFileReference; lastKnownFileType = sourcecode.swift; path = PersistenceController.swift; sourceTree = "<group>"; };
		5432E4A62C4D6C9B0090504B /* HomeView.swift */ = {isa = PBXFileReference; lastKnownFileType = sourcecode.swift; path = HomeView.swift; sourceTree = "<group>"; };
		5432E4A82C4D6CA90090504B /* MoreView.swift */ = {isa = PBXFileReference; lastKnownFileType = sourcecode.swift; path = MoreView.swift; sourceTree = "<group>"; };
		5440084E2C4C5DC30062302B /* Medy.app */ = {isa = PBXFileReference; explicitFileType = wrapper.application; includeInIndex = 0; path = Medy.app; sourceTree = BUILT_PRODUCTS_DIR; };
		544008512C4C5DC30062302B /* MedyApp.swift */ = {isa = PBXFileReference; lastKnownFileType = sourcecode.swift; path = MedyApp.swift; sourceTree = "<group>"; };
		544008532C4C5DC30062302B /* ContentView.swift */ = {isa = PBXFileReference; lastKnownFileType = sourcecode.swift; path = ContentView.swift; sourceTree = "<group>"; };
		544008552C4C5DC60062302B /* Assets.xcassets */ = {isa = PBXFileReference; lastKnownFileType = folder.assetcatalog; path = Assets.xcassets; sourceTree = "<group>"; };
		544008572C4C5DC60062302B /* Medy.entitlements */ = {isa = PBXFileReference; lastKnownFileType = text.plist.entitlements; path = Medy.entitlements; sourceTree = "<group>"; };
		544008592C4C5DC60062302B /* Preview Assets.xcassets */ = {isa = PBXFileReference; lastKnownFileType = folder.assetcatalog; path = "Preview Assets.xcassets"; sourceTree = "<group>"; };
		544008622C4C5E900062302B /* MedicationListView.swift */ = {isa = PBXFileReference; lastKnownFileType = sourcecode.swift; path = MedicationListView.swift; sourceTree = "<group>"; };
		544008662C4C5ECB0062302B /* MedicationStore.swift */ = {isa = PBXFileReference; lastKnownFileType = sourcecode.swift; path = MedicationStore.swift; sourceTree = "<group>"; };
		5440086F2C4C66880062302B /* CoreDataStack.swift */ = {isa = PBXFileReference; lastKnownFileType = sourcecode.swift; path = CoreDataStack.swift; sourceTree = "<group>"; };
		5446BDE92C4FF85C0072254A /* SceneDelegate.swift */ = {isa = PBXFileReference; lastKnownFileType = sourcecode.swift; path = SceneDelegate.swift; sourceTree = "<group>"; };
		5446BDEB2C4FFC700072254A /* Info.plist */ = {isa = PBXFileReference; lastKnownFileType = text.plist.xml; path = Info.plist; sourceTree = "<group>"; };
		544BD2CF2C5005B8004ACC03 /* SectionView.swift */ = {isa = PBXFileReference; lastKnownFileType = sourcecode.swift; path = SectionView.swift; sourceTree = "<group>"; };
		54629C5A2C5C14E50011FDC2 /* GetDrugInfoView.swift */ = {isa = PBXFileReference; lastKnownFileType = sourcecode.swift; path = GetDrugInfoView.swift; sourceTree = "<group>"; };
		54629C5C2C5C15130011FDC2 /* Config.plist */ = {isa = PBXFileReference; lastKnownFileType = text.plist.xml; path = Config.plist; sourceTree = "<group>"; };
		54629C5E2C5E5D9C0011FDC2 /* AddMedicationView.swift */ = {isa = PBXFileReference; lastKnownFileType = sourcecode.swift; path = AddMedicationView.swift; sourceTree = "<group>"; };
		54629C662C5E75A50011FDC2 /* AccountView.swift */ = {isa = PBXFileReference; lastKnownFileType = sourcecode.swift; path = AccountView.swift; sourceTree = "<group>"; };
		54629C682C5E75B80011FDC2 /* HelpSupportView.swift */ = {isa = PBXFileReference; lastKnownFileType = sourcecode.swift; path = HelpSupportView.swift; sourceTree = "<group>"; };
		54629C6A2C5E75C60011FDC2 /* SettingsView.swift */ = {isa = PBXFileReference; lastKnownFileType = sourcecode.swift; path = SettingsView.swift; sourceTree = "<group>"; };
		54629C6C2C5E7B270011FDC2 /* AddAppointmentView.swift */ = {isa = PBXFileReference; lastKnownFileType = sourcecode.swift; path = AddAppointmentView.swift; sourceTree = "<group>"; };
		54629C6E2C5E8A5E0011FDC2 /* AppointmentStore.swift */ = {isa = PBXFileReference; lastKnownFileType = sourcecode.swift; path = AppointmentStore.swift; sourceTree = "<group>"; };
		54629C702C5E98640011FDC2 /* AppointmentListView.swift */ = {isa = PBXFileReference; lastKnownFileType = sourcecode.swift; path = AppointmentListView.swift; sourceTree = "<group>"; };
		54629C722C5E99030011FDC2 /* DateFormatterExtensions.swift */ = {isa = PBXFileReference; lastKnownFileType = sourcecode.swift; name = DateFormatterExtensions.swift; path = ../Stores/DateFormatterExtensions.swift; sourceTree = "<group>"; };
		5499B0292C5ACB3300AED6DA /* ThemeManager.swift */ = {isa = PBXFileReference; lastKnownFileType = sourcecode.swift; path = ThemeManager.swift; sourceTree = "<group>"; };
		54C228422C4EE5C400E56592 /* Medy.xcdatamodel */ = {isa = PBXFileReference; lastKnownFileType = wrapper.xcdatamodel; path = Medy.xcdatamodel; sourceTree = "<group>"; };
/* End PBXFileReference section */

/* Begin PBXFrameworksBuildPhase section */
		5440084B2C4C5DC30062302B /* Frameworks */ = {
			isa = PBXFrameworksBuildPhase;
			buildActionMask = 2147483647;
			files = (
			);
			runOnlyForDeploymentPostprocessing = 0;
		};
/* End PBXFrameworksBuildPhase section */

/* Begin PBXGroup section */
		544008452C4C5DC30062302B = {
			isa = PBXGroup;
			children = (
				5446BDEB2C4FFC700072254A /* Info.plist */,
				544008502C4C5DC30062302B /* Medy */,
				5440084F2C4C5DC30062302B /* Products */,
			);
			sourceTree = "<group>";
		};
		5440084F2C4C5DC30062302B /* Products */ = {
			isa = PBXGroup;
			children = (
				5440084E2C4C5DC30062302B /* Medy.app */,
			);
			name = Products;
			sourceTree = "<group>";
		};
		544008502C4C5DC30062302B /* Medy */ = {
			isa = PBXGroup;
			children = (
				544008512C4C5DC30062302B /* MedyApp.swift */,
				5440086A2C4C62940062302B /* Views */,
				5440086C2C4C629F0062302B /* Models */,
				5440086B2C4C629B0062302B /* Stores */,
				544008582C4C5DC60062302B /* Preview Content */,
				544008552C4C5DC60062302B /* Assets.xcassets */,
				544008572C4C5DC60062302B /* Medy.entitlements */,
			);
			path = Medy;
			sourceTree = "<group>";
		};
		544008582C4C5DC60062302B /* Preview Content */ = {
			isa = PBXGroup;
			children = (
				544008592C4C5DC60062302B /* Preview Assets.xcassets */,
			);
			path = "Preview Content";
			sourceTree = "<group>";
		};
		5440086A2C4C62940062302B /* Views */ = {
			isa = PBXGroup;
			children = (
				544008532C4C5DC30062302B /* ContentView.swift */,
				5432E4A62C4D6C9B0090504B /* HomeView.swift */,
				544008622C4C5E900062302B /* MedicationListView.swift */,
				54629C5E2C5E5D9C0011FDC2 /* AddMedicationView.swift */,
				54629C702C5E98640011FDC2 /* AppointmentListView.swift */,
				54629C6C2C5E7B270011FDC2 /* AddAppointmentView.swift */,
				54629C5A2C5C14E50011FDC2 /* GetDrugInfoView.swift */,
				5432E4A82C4D6CA90090504B /* MoreView.swift */,
				54629C662C5E75A50011FDC2 /* AccountView.swift */,
				54629C682C5E75B80011FDC2 /* HelpSupportView.swift */,
				54629C6A2C5E75C60011FDC2 /* SettingsView.swift */,
				5499B0292C5ACB3300AED6DA /* ThemeManager.swift */,
				54629C722C5E99030011FDC2 /* DateFormatterExtensions.swift */,
				54629C5C2C5C15130011FDC2 /* Config.plist */,
				544BD2CF2C5005B8004ACC03 /* SectionView.swift */,
			);
			path = Views;
			sourceTree = "<group>";
		};
		5440086B2C4C629B0062302B /* Stores */ = {
			isa = PBXGroup;
			children = (
				54C228412C4EE5C400E56592 /* Medy.xcdatamodeld */,
			);
			name = Stores;
			path = "/Users/utku/Desktop/App Projects/Medy/Medy/Stores";
			sourceTree = "<absolute>";
		};
		5440086C2C4C629F0062302B /* Models */ = {
			isa = PBXGroup;
			children = (
				5446BDE92C4FF85C0072254A /* SceneDelegate.swift */,
				544008662C4C5ECB0062302B /* MedicationStore.swift */,
				54629C6E2C5E8A5E0011FDC2 /* AppointmentStore.swift */,
				5432E4A42C4D5E590090504B /* PersistenceController.swift */,
				5440086F2C4C66880062302B /* CoreDataStack.swift */,
			);
			path = Models;
			sourceTree = "<group>";
		};
/* End PBXGroup section */

/* Begin PBXNativeTarget section */
		5440084D2C4C5DC30062302B /* Medy */ = {
			isa = PBXNativeTarget;
			buildConfigurationList = 5440085D2C4C5DC60062302B /* Build configuration list for PBXNativeTarget "Medy" */;
			buildPhases = (
				5440084A2C4C5DC30062302B /* Sources */,
				5440084B2C4C5DC30062302B /* Frameworks */,
				5440084C2C4C5DC30062302B /* Resources */,
			);
			buildRules = (
			);
			dependencies = (
			);
			name = Medy;
			productName = Medy;
			productReference = 5440084E2C4C5DC30062302B /* Medy.app */;
			productType = "com.apple.product-type.application";
		};
/* End PBXNativeTarget section */

/* Begin PBXProject section */
		544008462C4C5DC30062302B /* Project object */ = {
			isa = PBXProject;
			attributes = {
				BuildIndependentTargetsInParallel = 1;
				LastSwiftUpdateCheck = 1540;
				LastUpgradeCheck = 1540;
				TargetAttributes = {
					5440084D2C4C5DC30062302B = {
						CreatedOnToolsVersion = 15.4;
					};
				};
			};
			buildConfigurationList = 544008492C4C5DC30062302B /* Build configuration list for PBXProject "Medy" */;
			compatibilityVersion = "Xcode 14.0";
			developmentRegion = en;
			hasScannedForEncodings = 0;
			knownRegions = (
				en,
				Base,
			);
			mainGroup = 544008452C4C5DC30062302B;
			productRefGroup = 5440084F2C4C5DC30062302B /* Products */;
			projectDirPath = "";
			projectRoot = "";
			targets = (
				5440084D2C4C5DC30062302B /* Medy */,
			);
		};
/* End PBXProject section */

/* Begin PBXResourcesBuildPhase section */
		5440084C2C4C5DC30062302B /* Resources */ = {
			isa = PBXResourcesBuildPhase;
			buildActionMask = 2147483647;
			files = (
				54629C5D2C5C15130011FDC2 /* Config.plist in Resources */,
			);
			runOnlyForDeploymentPostprocessing = 0;
		};
/* End PBXResourcesBuildPhase section */

/* Begin PBXSourcesBuildPhase section */
		5440084A2C4C5DC30062302B /* Sources */ = {
			isa = PBXSourcesBuildPhase;
			buildActionMask = 2147483647;
			files = (
				54C228432C4EE5C400E56592 /* Medy.xcdatamodeld in Sources */,
				54629C692C5E75B80011FDC2 /* HelpSupportView.swift in Sources */,
				5432E4A52C4D5E5A0090504B /* PersistenceController.swift in Sources */,
				544008542C4C5DC30062302B /* ContentView.swift in Sources */,
				544008522C4C5DC30062302B /* MedyApp.swift in Sources */,
				54629C6B2C5E75C60011FDC2 /* SettingsView.swift in Sources */,
				54629C712C5E98640011FDC2 /* AppointmentListView.swift in Sources */,
				5499B02A2C5ACB3300AED6DA /* ThemeManager.swift in Sources */,
				5432E4A72C4D6C9B0090504B /* HomeView.swift in Sources */,
				5446BDEA2C4FF85C0072254A /* SceneDelegate.swift in Sources */,
				544BD2D02C5005B8004ACC03 /* SectionView.swift in Sources */,
				54629C6F2C5E8A5E0011FDC2 /* AppointmentStore.swift in Sources */,
				54629C6D2C5E7B270011FDC2 /* AddAppointmentView.swift in Sources */,
				54629C732C5E99030011FDC2 /* DateFormatterExtensions.swift in Sources */,
				54629C5B2C5C14E50011FDC2 /* GetDrugInfoView.swift in Sources */,
				54629C672C5E75A50011FDC2 /* AccountView.swift in Sources */,
				544008672C4C5ECB0062302B /* MedicationStore.swift in Sources */,
				544008632C4C5E900062302B /* MedicationListView.swift in Sources */,
				54629C5F2C5E5D9C0011FDC2 /* AddMedicationView.swift in Sources */,
				5432E4A92C4D6CA90090504B /* MoreView.swift in Sources */,
				544008702C4C66880062302B /* CoreDataStack.swift in Sources */,
			);
			runOnlyForDeploymentPostprocessing = 0;
		};
/* End PBXSourcesBuildPhase section */

/* Begin XCBuildConfiguration section */
		5440085B2C4C5DC60062302B /* Debug */ = {
			isa = XCBuildConfiguration;
			buildSettings = {
				ALWAYS_SEARCH_USER_PATHS = NO;
				ASSETCATALOG_COMPILER_GENERATE_SWIFT_ASSET_SYMBOL_EXTENSIONS = YES;
				CLANG_ANALYZER_NONNULL = YES;
				CLANG_ANALYZER_NUMBER_OBJECT_CONVERSION = YES_AGGRESSIVE;
				CLANG_CXX_LANGUAGE_STANDARD = "gnu++20";
				CLANG_ENABLE_MODULES = YES;
				CLANG_ENABLE_OBJC_ARC = YES;
				CLANG_ENABLE_OBJC_WEAK = YES;
				CLANG_WARN_BLOCK_CAPTURE_AUTORELEASING = YES;
				CLANG_WARN_BOOL_CONVERSION = YES;
				CLANG_WARN_COMMA = YES;
				CLANG_WARN_CONSTANT_CONVERSION = YES;
				CLANG_WARN_DEPRECATED_OBJC_IMPLEMENTATIONS = YES;
				CLANG_WARN_DIRECT_OBJC_ISA_USAGE = YES_ERROR;
				CLANG_WARN_DOCUMENTATION_COMMENTS = YES;
				CLANG_WARN_EMPTY_BODY = YES;
				CLANG_WARN_ENUM_CONVERSION = YES;
				CLANG_WARN_INFINITE_RECURSION = YES;
				CLANG_WARN_INT_CONVERSION = YES;
				CLANG_WARN_NON_LITERAL_NULL_CONVERSION = YES;
				CLANG_WARN_OBJC_IMPLICIT_RETAIN_SELF = YES;
				CLANG_WARN_OBJC_LITERAL_CONVERSION = YES;
				CLANG_WARN_OBJC_ROOT_CLASS = YES_ERROR;
				CLANG_WARN_QUOTED_INCLUDE_IN_FRAMEWORK_HEADER = YES;
				CLANG_WARN_RANGE_LOOP_ANALYSIS = YES;
				CLANG_WARN_STRICT_PROTOTYPES = YES;
				CLANG_WARN_SUSPICIOUS_MOVE = YES;
				CLANG_WARN_UNGUARDED_AVAILABILITY = YES_AGGRESSIVE;
				CLANG_WARN_UNREACHABLE_CODE = YES;
				CLANG_WARN__DUPLICATE_METHOD_MATCH = YES;
				COPY_PHASE_STRIP = NO;
				DEBUG_INFORMATION_FORMAT = dwarf;
				ENABLE_STRICT_OBJC_MSGSEND = YES;
				ENABLE_TESTABILITY = YES;
				ENABLE_USER_SCRIPT_SANDBOXING = YES;
				GCC_C_LANGUAGE_STANDARD = gnu17;
				GCC_DYNAMIC_NO_PIC = NO;
				GCC_NO_COMMON_BLOCKS = YES;
				GCC_OPTIMIZATION_LEVEL = 0;
				GCC_PREPROCESSOR_DEFINITIONS = (
					"DEBUG=1",
					"$(inherited)",
				);
				GCC_WARN_64_TO_32_BIT_CONVERSION = YES;
				GCC_WARN_ABOUT_RETURN_TYPE = YES_ERROR;
				GCC_WARN_UNDECLARED_SELECTOR = YES;
				GCC_WARN_UNINITIALIZED_AUTOS = YES_AGGRESSIVE;
				GCC_WARN_UNUSED_FUNCTION = YES;
				GCC_WARN_UNUSED_VARIABLE = YES;
				LOCALIZATION_PREFERS_STRING_CATALOGS = YES;
				MTL_ENABLE_DEBUG_INFO = INCLUDE_SOURCE;
				MTL_FAST_MATH = YES;
				ONLY_ACTIVE_ARCH = YES;
				SWIFT_ACTIVE_COMPILATION_CONDITIONS = "DEBUG $(inherited)";
				SWIFT_OPTIMIZATION_LEVEL = "-Onone";
			};
			name = Debug;
		};
		5440085C2C4C5DC60062302B /* Release */ = {
			isa = XCBuildConfiguration;
			buildSettings = {
				ALWAYS_SEARCH_USER_PATHS = NO;
				ASSETCATALOG_COMPILER_GENERATE_SWIFT_ASSET_SYMBOL_EXTENSIONS = YES;
				CLANG_ANALYZER_NONNULL = YES;
				CLANG_ANALYZER_NUMBER_OBJECT_CONVERSION = YES_AGGRESSIVE;
				CLANG_CXX_LANGUAGE_STANDARD = "gnu++20";
				CLANG_ENABLE_MODULES = YES;
				CLANG_ENABLE_OBJC_ARC = YES;
				CLANG_ENABLE_OBJC_WEAK = YES;
				CLANG_WARN_BLOCK_CAPTURE_AUTORELEASING = YES;
				CLANG_WARN_BOOL_CONVERSION = YES;
				CLANG_WARN_COMMA = YES;
				CLANG_WARN_CONSTANT_CONVERSION = YES;
				CLANG_WARN_DEPRECATED_OBJC_IMPLEMENTATIONS = YES;
				CLANG_WARN_DIRECT_OBJC_ISA_USAGE = YES_ERROR;
				CLANG_WARN_DOCUMENTATION_COMMENTS = YES;
				CLANG_WARN_EMPTY_BODY = YES;
				CLANG_WARN_ENUM_CONVERSION = YES;
				CLANG_WARN_INFINITE_RECURSION = YES;
				CLANG_WARN_INT_CONVERSION = YES;
				CLANG_WARN_NON_LITERAL_NULL_CONVERSION = YES;
				CLANG_WARN_OBJC_IMPLICIT_RETAIN_SELF = YES;
				CLANG_WARN_OBJC_LITERAL_CONVERSION = YES;
				CLANG_WARN_OBJC_ROOT_CLASS = YES_ERROR;
				CLANG_WARN_QUOTED_INCLUDE_IN_FRAMEWORK_HEADER = YES;
				CLANG_WARN_RANGE_LOOP_ANALYSIS = YES;
				CLANG_WARN_STRICT_PROTOTYPES = YES;
				CLANG_WARN_SUSPICIOUS_MOVE = YES;
				CLANG_WARN_UNGUARDED_AVAILABILITY = YES_AGGRESSIVE;
				CLANG_WARN_UNREACHABLE_CODE = YES;
				CLANG_WARN__DUPLICATE_METHOD_MATCH = YES;
				COPY_PHASE_STRIP = NO;
				DEBUG_INFORMATION_FORMAT = "dwarf-with-dsym";
				ENABLE_NS_ASSERTIONS = NO;
				ENABLE_STRICT_OBJC_MSGSEND = YES;
				ENABLE_USER_SCRIPT_SANDBOXING = YES;
				GCC_C_LANGUAGE_STANDARD = gnu17;
				GCC_NO_COMMON_BLOCKS = YES;
				GCC_WARN_64_TO_32_BIT_CONVERSION = YES;
				GCC_WARN_ABOUT_RETURN_TYPE = YES_ERROR;
				GCC_WARN_UNDECLARED_SELECTOR = YES;
				GCC_WARN_UNINITIALIZED_AUTOS = YES_AGGRESSIVE;
				GCC_WARN_UNUSED_FUNCTION = YES;
				GCC_WARN_UNUSED_VARIABLE = YES;
				LOCALIZATION_PREFERS_STRING_CATALOGS = YES;
				MTL_ENABLE_DEBUG_INFO = NO;
				MTL_FAST_MATH = YES;
				SWIFT_COMPILATION_MODE = wholemodule;
			};
			name = Release;
		};
		5440085E2C4C5DC60062302B /* Debug */ = {
			isa = XCBuildConfiguration;
			buildSettings = {
				ASSETCATALOG_COMPILER_APPICON_NAME = AppIcon;
				ASSETCATALOG_COMPILER_GLOBAL_ACCENT_COLOR_NAME = AccentColor;
				CODE_SIGN_ENTITLEMENTS = Medy/Medy.entitlements;
				CODE_SIGN_STYLE = Automatic;
				CURRENT_PROJECT_VERSION = 1;
				DEVELOPMENT_ASSET_PATHS = "\"Medy/Preview Content\"";
				DEVELOPMENT_TEAM = X9KMCK595T;
				ENABLE_HARDENED_RUNTIME = YES;
				ENABLE_PREVIEWS = YES;
				GENERATE_INFOPLIST_FILE = YES;
				"INFOPLIST_KEY_UIApplicationSceneManifest_Generation[sdk=iphoneos*]" = YES;
				"INFOPLIST_KEY_UIApplicationSceneManifest_Generation[sdk=iphonesimulator*]" = YES;
				"INFOPLIST_KEY_UIApplicationSupportsIndirectInputEvents[sdk=iphoneos*]" = YES;
				"INFOPLIST_KEY_UIApplicationSupportsIndirectInputEvents[sdk=iphonesimulator*]" = YES;
				"INFOPLIST_KEY_UILaunchScreen_Generation[sdk=iphoneos*]" = YES;
				"INFOPLIST_KEY_UILaunchScreen_Generation[sdk=iphonesimulator*]" = YES;
				"INFOPLIST_KEY_UIStatusBarStyle[sdk=iphoneos*]" = UIStatusBarStyleDefault;
				"INFOPLIST_KEY_UIStatusBarStyle[sdk=iphonesimulator*]" = UIStatusBarStyleDefault;
				INFOPLIST_KEY_UISupportedInterfaceOrientations_iPad = "UIInterfaceOrientationPortrait UIInterfaceOrientationPortraitUpsideDown";
				INFOPLIST_KEY_UISupportedInterfaceOrientations_iPhone = UIInterfaceOrientationPortrait;
				IPHONEOS_DEPLOYMENT_TARGET = 17.5;
				LD_RUNPATH_SEARCH_PATHS = "@executable_path/Frameworks";
				"LD_RUNPATH_SEARCH_PATHS[sdk=macosx*]" = "@executable_path/../Frameworks";
				MACOSX_DEPLOYMENT_TARGET = 14.5;
				MARKETING_VERSION = 1.0;
				PRODUCT_BUNDLE_IDENTIFIER = UtkuCoskun.Medy;
				PRODUCT_NAME = "$(TARGET_NAME)";
				SDKROOT = auto;
				SUPPORTED_PLATFORMS = "iphoneos iphonesimulator";
				SUPPORTS_MACCATALYST = NO;
				SWIFT_EMIT_LOC_STRINGS = YES;
				SWIFT_VERSION = 5.0;
				TARGETED_DEVICE_FAMILY = "1,2";
			};
			name = Debug;
		};
		5440085F2C4C5DC60062302B /* Release */ = {
			isa = XCBuildConfiguration;
			buildSettings = {
				ASSETCATALOG_COMPILER_APPICON_NAME = AppIcon;
				ASSETCATALOG_COMPILER_GLOBAL_ACCENT_COLOR_NAME = AccentColor;
				CODE_SIGN_ENTITLEMENTS = Medy/Medy.entitlements;
				CODE_SIGN_STYLE = Automatic;
				CURRENT_PROJECT_VERSION = 1;
				DEVELOPMENT_ASSET_PATHS = "\"Medy/Preview Content\"";
				DEVELOPMENT_TEAM = X9KMCK595T;
				ENABLE_HARDENED_RUNTIME = YES;
				ENABLE_PREVIEWS = YES;
				GENERATE_INFOPLIST_FILE = YES;
				"INFOPLIST_KEY_UIApplicationSceneManifest_Generation[sdk=iphoneos*]" = YES;
				"INFOPLIST_KEY_UIApplicationSceneManifest_Generation[sdk=iphonesimulator*]" = YES;
				"INFOPLIST_KEY_UIApplicationSupportsIndirectInputEvents[sdk=iphoneos*]" = YES;
				"INFOPLIST_KEY_UIApplicationSupportsIndirectInputEvents[sdk=iphonesimulator*]" = YES;
				"INFOPLIST_KEY_UILaunchScreen_Generation[sdk=iphoneos*]" = YES;
				"INFOPLIST_KEY_UILaunchScreen_Generation[sdk=iphonesimulator*]" = YES;
				"INFOPLIST_KEY_UIStatusBarStyle[sdk=iphoneos*]" = UIStatusBarStyleDefault;
				"INFOPLIST_KEY_UIStatusBarStyle[sdk=iphonesimulator*]" = UIStatusBarStyleDefault;
				INFOPLIST_KEY_UISupportedInterfaceOrientations_iPad = "UIInterfaceOrientationPortrait UIInterfaceOrientationPortraitUpsideDown";
				INFOPLIST_KEY_UISupportedInterfaceOrientations_iPhone = UIInterfaceOrientationPortrait;
				IPHONEOS_DEPLOYMENT_TARGET = 17.5;
				LD_RUNPATH_SEARCH_PATHS = "@executable_path/Frameworks";
				"LD_RUNPATH_SEARCH_PATHS[sdk=macosx*]" = "@executable_path/../Frameworks";
				MACOSX_DEPLOYMENT_TARGET = 14.5;
				MARKETING_VERSION = 1.0;
				PRODUCT_BUNDLE_IDENTIFIER = UtkuCoskun.Medy;
				PRODUCT_NAME = "$(TARGET_NAME)";
				SDKROOT = auto;
				SUPPORTED_PLATFORMS = "iphoneos iphonesimulator";
				SUPPORTS_MACCATALYST = NO;
				SWIFT_EMIT_LOC_STRINGS = YES;
				SWIFT_VERSION = 5.0;
				TARGETED_DEVICE_FAMILY = "1,2";
			};
			name = Release;
		};
/* End XCBuildConfiguration section */

/* Begin XCConfigurationList section */
		544008492C4C5DC30062302B /* Build configuration list for PBXProject "Medy" */ = {
			isa = XCConfigurationList;
			buildConfigurations = (
				5440085B2C4C5DC60062302B /* Debug */,
				5440085C2C4C5DC60062302B /* Release */,
			);
			defaultConfigurationIsVisible = 0;
			defaultConfigurationName = Release;
		};
		5440085D2C4C5DC60062302B /* Build configuration list for PBXNativeTarget "Medy" */ = {
			isa = XCConfigurationList;
			buildConfigurations = (
				5440085E2C4C5DC60062302B /* Debug */,
				5440085F2C4C5DC60062302B /* Release */,
			);
			defaultConfigurationIsVisible = 0;
			defaultConfigurationName = Release;
		};
/* End XCConfigurationList section */

/* Begin XCVersionGroup section */
		54C228412C4EE5C400E56592 /* Medy.xcdatamodeld */ = {
			isa = XCVersionGroup;
			children = (
				54C228422C4EE5C400E56592 /* Medy.xcdatamodel */,
			);
			currentVersion = 54C228422C4EE5C400E56592 /* Medy.xcdatamodel */;
			name = Medy.xcdatamodeld;
			path = "/Users/utku/Desktop/App Projects/Medy/Medy/Stores/Medy.xcdatamodeld";
			sourceTree = "<group>";
			versionGroupType = wrapper.xcdatamodel;
		};
/* End XCVersionGroup section */
	};
	rootObject = 544008462C4C5DC30062302B /* Project object */;
}
